{
  "name": "www",
  "version": "1.0.0",
  "lockfileVersion": 2,
  "requires": true,
  "packages": {
    "": {
      "name": "www",
      "version": "1.0.0",
      "license": "ISC",
      "dependencies": {
        "atomico": "^1.12.1"
      },
      "devDependencies": {
        "@devserver/build": "^0.12.1",
        "@devserver/cli": "^0.12.1"
      }
    },
    "node_modules/@devserver/build": {
      "version": "0.12.1",
      "resolved": "https://registry.npmjs.org/@devserver/build/-/build-0.12.1.tgz",
      "integrity": "sha512-1pyd2LQ/YQI9yLjcXhOfboetMJytBav7ncHZVLzYx5Nh6Xp99CNPjpFsK05O72yfcCnbCUQrGIsMBKBcAV3rmg==",
      "dev": true,
      "dependencies": {
        "@devserver/build-core": "0.12.1",
        "@devserver/plugin-css": "0.12.1",
        "@devserver/plugin-html": "0.12.1",
        "@devserver/plugin-js": "0.12.1"
      }
    },
    "node_modules/@devserver/build-core": {
      "version": "0.12.1",
      "resolved": "https://registry.npmjs.org/@devserver/build-core/-/build-core-0.12.1.tgz",
      "integrity": "sha512-mJWmto+c1nI2NuhQZLCIol8IquxXEYIV/xd1E2cAPDBtWSVickncvGWLnTaAjT/hnv1Kn9oFbglIEJHTB3tvqg==",
      "dev": true
    },
    "node_modules/@devserver/cli": {
      "version": "0.12.1",
      "resolved": "https://registry.npmjs.org/@devserver/cli/-/cli-0.12.1.tgz",
      "integrity": "sha512-oHFrWd7kO8Ty9d5Jo3Pj9tyufo2GCTD1DTwKTI+KyaJjkXVtZoy2TQzNH9SF1VVU7ScW5RDFSK1psCvl5nYKog==",
      "dev": true,
      "dependencies": {
        "@devserver/build-core": "0.12.1",
        "@devserver/replace-import": "0.12.1",
        "@devserver/resolve": "0.12.1",
        "@devserver/transform-js": "0.12.1"
      },
      "bin": {
        "devserver": "cli.cjs"
      }
    },
    "node_modules/@devserver/package-exports": {
      "version": "0.12.1",
      "resolved": "https://registry.npmjs.org/@devserver/package-exports/-/package-exports-0.12.1.tgz",
      "integrity": "sha512-WVb7jHAiKH3lDEF3oqyMVpaZknASWx0aPhu6SEE5vZpOxOSoGlNgBZ6zQR1mNZqqKLjYWnc0jB3Vs7CEqmp4Vg==",
      "dev": true
    },
    "node_modules/@devserver/plugin-css": {
      "version": "0.12.1",
      "resolved": "https://registry.npmjs.org/@devserver/plugin-css/-/plugin-css-0.12.1.tgz",
      "integrity": "sha512-uKLp3n5zu+A7+mvmRzJrOe54koG7QUFkWu8l75lCxih5UIUyVTNjYRoq6cHwG7EfZuHfKY4rji0zzY/nzJgFXg==",
      "dev": true
    },
    "node_modules/@devserver/plugin-html": {
      "version": "0.12.1",
      "resolved": "https://registry.npmjs.org/@devserver/plugin-html/-/plugin-html-0.12.1.tgz",
      "integrity": "sha512-35DbJtHjYYg1D/E5mNbEy+hL9q9ztPicQ4uJARs1n53k/bUXM0a6Db2M2JjFhBqmrZ7Kngp8q5fBJahgnYaWAA==",
      "dev": true
    },
    "node_modules/@devserver/plugin-js": {
      "version": "0.12.1",
      "resolved": "https://registry.npmjs.org/@devserver/plugin-js/-/plugin-js-0.12.1.tgz",
      "integrity": "sha512-ZcmpdGJ7/ffg0H052Q0I/2KTpyz49rcPXc1FqVIrF4B+nd4Y5kiudyNv9xBuniAFGzdV6y5RV4cfQZtltL8Q3A==",
      "dev": true,
      "dependencies": {
        "@devserver/resolve": "0.12.1",
        "@devserver/transform-js": "0.12.1"
      }
    },
    "node_modules/@devserver/replace-import": {
      "version": "0.12.1",
      "resolved": "https://registry.npmjs.org/@devserver/replace-import/-/replace-import-0.12.1.tgz",
      "integrity": "sha512-N0TairvDcoQlTpLhw2oYklMnzRldlTTad9aZ0U94r69d0QsYX6c5wC6D69Bx/r2h0hwIWiIojBIqSFhSQaoHpA==",
      "dev": true
    },
    "node_modules/@devserver/resolve": {
      "version": "0.12.1",
      "resolved": "https://registry.npmjs.org/@devserver/resolve/-/resolve-0.12.1.tgz",
      "integrity": "sha512-e08Ow8cZuho6tucFm8N7bwa2848c2jGqZqupJ14f31VbtJ1L1xr/12InENzeUG4D5ke6WoQwjuVu602DpaLGPA==",
      "dev": true,
      "dependencies": {
        "@devserver/package-exports": "0.12.1"
      }
    },
    "node_modules/@devserver/transform-js": {
      "version": "0.12.1",
      "resolved": "https://registry.npmjs.org/@devserver/transform-js/-/transform-js-0.12.1.tgz",
      "integrity": "sha512-GVptB9LWXVLm8xs/D4dfjQOx9ZYfATzjEJaQVTGJrtpAnevYCzxsSFHGbgdT5GAkurr1j8Eys0+jGyQ2axhLAA==",
      "dev": true,
      "dependencies": {
        "@devserver/replace-import": "0.12.1"
      }
    },
    "node_modules/atomico": {
      "version": "1.12.2",
      "resolved": "https://registry.npmjs.org/atomico/-/atomico-1.12.2.tgz",
      "integrity": "sha512-h+uyHQTGGmTgigSfLAlaY0+gVTOVn02Al9hMT4a2/RP+9ERRZp7SpoWSeUDAbLF1UU9s/ml2OqZZ4dcusGTSng=="
    }
  },
  "dependencies": {
    "@devserver/build": {
      "version": "0.12.1",
      "resolved": "https://registry.npmjs.org/@devserver/build/-/build-0.12.1.tgz",
      "integrity": "sha512-1pyd2LQ/YQI9yLjcXhOfboetMJytBav7ncHZVLzYx5Nh6Xp99CNPjpFsK05O72yfcCnbCUQrGIsMBKBcAV3rmg==",
      "dev": true,
      "requires": {
        "@devserver/build-core": "0.12.1",
        "@devserver/plugin-css": "0.12.1",
        "@devserver/plugin-html": "0.12.1",
        "@devserver/plugin-js": "0.12.1"
      }
    },
    "@devserver/build-core": {
      "version": "0.12.1",
      "resolved": "https://registry.npmjs.org/@devserver/build-core/-/build-core-0.12.1.tgz",
      "integrity": "sha512-mJWmto+c1nI2NuhQZLCIol8IquxXEYIV/xd1E2cAPDBtWSVickncvGWLnTaAjT/hnv1Kn9oFbglIEJHTB3tvqg==",
      "dev": true
    },
    "@devserver/cli": {
      "version": "0.12.1",
      "resolved": "https://registry.npmjs.org/@devserver/cli/-/cli-0.12.1.tgz",
      "integrity": "sha512-oHFrWd7kO8Ty9d5Jo3Pj9tyufo2GCTD1DTwKTI+KyaJjkXVtZoy2TQzNH9SF1VVU7ScW5RDFSK1psCvl5nYKog==",
      "dev": true,
      "requires": {
        "@devserver/build-core": "0.12.1",
        "@devserver/replace-import": "0.12.1",
        "@devserver/resolve": "0.12.1",
        "@devserver/transform-js": "0.12.1"
      }
    },
    "@devserver/package-exports": {
      "version": "0.12.1",
      "resolved": "https://registry.npmjs.org/@devserver/package-exports/-/package-exports-0.12.1.tgz",
      "integrity": "sha512-WVb7jHAiKH3lDEF3oqyMVpaZknASWx0aPhu6SEE5vZpOxOSoGlNgBZ6zQR1mNZqqKLjYWnc0jB3Vs7CEqmp4Vg==",
      "dev": true
    },
    "@devserver/plugin-css": {
      "version": "0.12.1",
      "resolved": "https://registry.npmjs.org/@devserver/plugin-css/-/plugin-css-0.12.1.tgz",
      "integrity": "sha512-uKLp3n5zu+A7+mvmRzJrOe54koG7QUFkWu8l75lCxih5UIUyVTNjYRoq6cHwG7EfZuHfKY4rji0zzY/nzJgFXg==",
      "dev": true
    },
    "@devserver/plugin-html": {
      "version": "0.12.1",
      "resolved": "https://registry.npmjs.org/@devserver/plugin-html/-/plugin-html-0.12.1.tgz",
      "integrity": "sha512-35DbJtHjYYg1D/E5mNbEy+hL9q9ztPicQ4uJARs1n53k/bUXM0a6Db2M2JjFhBqmrZ7Kngp8q5fBJahgnYaWAA==",
      "dev": true
    },
    "@devserver/plugin-js": {
      "version": "0.12.1",
      "resolved": "https://registry.npmjs.org/@devserver/plugin-js/-/plugin-js-0.12.1.tgz",
      "integrity": "sha512-ZcmpdGJ7/ffg0H052Q0I/2KTpyz49rcPXc1FqVIrF4B+nd4Y5kiudyNv9xBuniAFGzdV6y5RV4cfQZtltL8Q3A==",
      "dev": true,
      "requires": {
        "@devserver/resolve": "0.12.1",
        "@devserver/transform-js": "0.12.1"
      }
    },
    "@devserver/replace-import": {
      "version": "0.12.1",
      "resolved": "https://registry.npmjs.org/@devserver/replace-import/-/replace-import-0.12.1.tgz",
      "integrity": "sha512-N0TairvDcoQlTpLhw2oYklMnzRldlTTad9aZ0U94r69d0QsYX6c5wC6D69Bx/r2h0hwIWiIojBIqSFhSQaoHpA==",
      "dev": true
    },
    "@devserver/resolve": {
      "version": "0.12.1",
      "resolved": "https://registry.npmjs.org/@devserver/resolve/-/resolve-0.12.1.tgz",
      "integrity": "sha512-e08Ow8cZuho6tucFm8N7bwa2848c2jGqZqupJ14f31VbtJ1L1xr/12InENzeUG4D5ke6WoQwjuVu602DpaLGPA==",
      "dev": true,
      "requires": {
        "@devserver/package-exports": "0.12.1"
      }
    },
    "@devserver/transform-js": {
      "version": "0.12.1",
      "resolved": "https://registry.npmjs.org/@devserver/transform-js/-/transform-js-0.12.1.tgz",
      "integrity": "sha512-GVptB9LWXVLm8xs/D4dfjQOx9ZYfATzjEJaQVTGJrtpAnevYCzxsSFHGbgdT5GAkurr1j8Eys0+jGyQ2axhLAA==",
      "dev": true,
      "requires": {
        "@devserver/replace-import": "0.12.1"
      }
    },
    "atomico": {
      "version": "1.12.2",
      "resolved": "https://registry.npmjs.org/atomico/-/atomico-1.12.2.tgz",
      "integrity": "sha512-h+uyHQTGGmTgigSfLAlaY0+gVTOVn02Al9hMT4a2/RP+9ERRZp7SpoWSeUDAbLF1UU9s/ml2OqZZ4dcusGTSng=="
    }
  }
}
