{
  "name": "www",
  "version": "1.0.0",
  "lockfileVersion": 2,
  "requires": true,
  "packages": {
    "": {
      "name": "www",
      "version": "1.0.0",
      "license": "ISC",
      "dependencies": {
        "atomico": "^1.12.1"
      },
      "devDependencies": {
        "@devserver/build": "^0.12.2",
        "@devserver/cli": "^0.12.2"
      }
    },
    "node_modules/@devserver/build": {
      "version": "0.12.2",
      "resolved": "https://registry.npmjs.org/@devserver/build/-/build-0.12.2.tgz",
      "integrity": "sha512-lFIpvNTKPphFaK+whlLZYlfUFlKJu6rEmDLUdRwA3fyIJ2EcDxGU0CF3FSoLGiFxcunQNqLpnrZ/3C6aH6ZcCg==",
      "dev": true,
      "dependencies": {
        "@devserver/build-core": "0.12.2",
        "@devserver/plugin-css": "0.12.2",
        "@devserver/plugin-html": "0.12.2",
        "@devserver/plugin-js": "0.12.2"
      }
    },
    "node_modules/@devserver/build-core": {
      "version": "0.12.2",
      "resolved": "https://registry.npmjs.org/@devserver/build-core/-/build-core-0.12.2.tgz",
      "integrity": "sha512-1rgZ4ivhYW05fMIQ07u4c0aLfnuyW5alcL+3+W6i0pmfqVZt/JcW2ZzKTSPb4AKA6FnsqOmE/sVUGiAn6Nmw+A==",
      "dev": true
    },
    "node_modules/@devserver/cli": {
      "version": "0.12.2",
      "resolved": "https://registry.npmjs.org/@devserver/cli/-/cli-0.12.2.tgz",
      "integrity": "sha512-rG9kW+e4gP5/FV7+s2m41Csv7lWvKgbWbqFArCqI6Ps5f4jAJhDRitCstC/SZUHd1Uv915j51x8FLT+54ArP7Q==",
      "dev": true,
      "dependencies": {
        "@devserver/build-core": "0.12.2",
        "@devserver/replace-import": "0.12.2",
        "@devserver/resolve": "0.12.2",
        "@devserver/transform-js": "0.12.2"
      },
      "bin": {
        "devserver": "cli.cjs"
      }
    },
    "node_modules/@devserver/package-exports": {
      "version": "0.12.2",
      "resolved": "https://registry.npmjs.org/@devserver/package-exports/-/package-exports-0.12.2.tgz",
      "integrity": "sha512-tIzgS5/DlKXDlogPIFsQXw6MBjHB7dsfjz9AT7wwyW4Nqd8KzWLdKJE/l+UbuilfqvAjojo7ODqEh7sDcr/sXA==",
      "dev": true
    },
    "node_modules/@devserver/plugin-css": {
      "version": "0.12.2",
      "resolved": "https://registry.npmjs.org/@devserver/plugin-css/-/plugin-css-0.12.2.tgz",
      "integrity": "sha512-IUzY+DmZD8oBV0liRC56UOcsp4zEVSgb+PfUNSKgFCuE3cF9LZNb58zrugSkTr2pHe2G+zdqgK+Wk0/+h5GAqA==",
      "dev": true
    },
    "node_modules/@devserver/plugin-html": {
      "version": "0.12.2",
      "resolved": "https://registry.npmjs.org/@devserver/plugin-html/-/plugin-html-0.12.2.tgz",
      "integrity": "sha512-ggwJTtg3PdbDFihudxrlzKv5+1/nah7NvgDnfxvsQ8DrayOX17pCEgSQsevT7Urr7d4iyvazX1m/OWFD6FfguA==",
      "dev": true
    },
    "node_modules/@devserver/plugin-js": {
      "version": "0.12.2",
      "resolved": "https://registry.npmjs.org/@devserver/plugin-js/-/plugin-js-0.12.2.tgz",
      "integrity": "sha512-ALCl3C8KywIbnVAkDgV2Oq8B3ERjeyWFAKxSIpF9YffiO1Phhj7o0fFJ/7UcBWqvSMDDOonHsmpVWBf+RX3XHQ==",
      "dev": true,
      "dependencies": {
        "@devserver/resolve": "0.12.2",
        "@devserver/transform-js": "0.12.2"
      }
    },
    "node_modules/@devserver/replace-import": {
      "version": "0.12.2",
      "resolved": "https://registry.npmjs.org/@devserver/replace-import/-/replace-import-0.12.2.tgz",
      "integrity": "sha512-s1CNb6yDZ7qmc+Pe09FuQ3Xb9brPcLwSPfGJcGAAnVtPOoqZhndVhlVGLFzNJAPK/uuc4+EvKnnovzEmzBCwrQ==",
      "dev": true
    },
    "node_modules/@devserver/resolve": {
      "version": "0.12.2",
      "resolved": "https://registry.npmjs.org/@devserver/resolve/-/resolve-0.12.2.tgz",
      "integrity": "sha512-hbzoo4cf4sYslNHBq66NGhxwwD6+2RKqY/EFq01sTfAtiAHCnaPKh5hwAWmeFghcsTZuIzuivYHv3W2wK/MAlQ==",
      "dev": true,
      "dependencies": {
        "@devserver/package-exports": "0.12.2"
      }
    },
    "node_modules/@devserver/transform-js": {
      "version": "0.12.2",
      "resolved": "https://registry.npmjs.org/@devserver/transform-js/-/transform-js-0.12.2.tgz",
      "integrity": "sha512-J7TzM6f3efd9pMKDgovU5v6RifjaGILsYOYLJ/s6yPkeM0ZaSBESOpZnyOMVirEjPW/GZtEQ2Dum4MWdBQVdNQ==",
      "dev": true,
      "dependencies": {
        "@devserver/replace-import": "0.12.2"
      }
    },
    "node_modules/atomico": {
      "version": "1.12.2",
      "resolved": "https://registry.npmjs.org/atomico/-/atomico-1.12.2.tgz",
      "integrity": "sha512-h+uyHQTGGmTgigSfLAlaY0+gVTOVn02Al9hMT4a2/RP+9ERRZp7SpoWSeUDAbLF1UU9s/ml2OqZZ4dcusGTSng=="
    }
  },
  "dependencies": {
    "@devserver/build": {
      "version": "0.12.2",
      "resolved": "https://registry.npmjs.org/@devserver/build/-/build-0.12.2.tgz",
      "integrity": "sha512-lFIpvNTKPphFaK+whlLZYlfUFlKJu6rEmDLUdRwA3fyIJ2EcDxGU0CF3FSoLGiFxcunQNqLpnrZ/3C6aH6ZcCg==",
      "dev": true,
      "requires": {
        "@devserver/build-core": "0.12.2",
        "@devserver/plugin-css": "0.12.2",
        "@devserver/plugin-html": "0.12.2",
        "@devserver/plugin-js": "0.12.2"
      }
    },
    "@devserver/build-core": {
      "version": "0.12.2",
      "resolved": "https://registry.npmjs.org/@devserver/build-core/-/build-core-0.12.2.tgz",
      "integrity": "sha512-1rgZ4ivhYW05fMIQ07u4c0aLfnuyW5alcL+3+W6i0pmfqVZt/JcW2ZzKTSPb4AKA6FnsqOmE/sVUGiAn6Nmw+A==",
      "dev": true
    },
    "@devserver/cli": {
      "version": "0.12.2",
      "resolved": "https://registry.npmjs.org/@devserver/cli/-/cli-0.12.2.tgz",
      "integrity": "sha512-rG9kW+e4gP5/FV7+s2m41Csv7lWvKgbWbqFArCqI6Ps5f4jAJhDRitCstC/SZUHd1Uv915j51x8FLT+54ArP7Q==",
      "dev": true,
      "requires": {
        "@devserver/build-core": "0.12.2",
        "@devserver/replace-import": "0.12.2",
        "@devserver/resolve": "0.12.2",
        "@devserver/transform-js": "0.12.2"
      }
    },
    "@devserver/package-exports": {
      "version": "0.12.2",
      "resolved": "https://registry.npmjs.org/@devserver/package-exports/-/package-exports-0.12.2.tgz",
      "integrity": "sha512-tIzgS5/DlKXDlogPIFsQXw6MBjHB7dsfjz9AT7wwyW4Nqd8KzWLdKJE/l+UbuilfqvAjojo7ODqEh7sDcr/sXA==",
      "dev": true
    },
    "@devserver/plugin-css": {
      "version": "0.12.2",
      "resolved": "https://registry.npmjs.org/@devserver/plugin-css/-/plugin-css-0.12.2.tgz",
      "integrity": "sha512-IUzY+DmZD8oBV0liRC56UOcsp4zEVSgb+PfUNSKgFCuE3cF9LZNb58zrugSkTr2pHe2G+zdqgK+Wk0/+h5GAqA==",
      "dev": true
    },
    "@devserver/plugin-html": {
      "version": "0.12.2",
      "resolved": "https://registry.npmjs.org/@devserver/plugin-html/-/plugin-html-0.12.2.tgz",
      "integrity": "sha512-ggwJTtg3PdbDFihudxrlzKv5+1/nah7NvgDnfxvsQ8DrayOX17pCEgSQsevT7Urr7d4iyvazX1m/OWFD6FfguA==",
      "dev": true
    },
    "@devserver/plugin-js": {
      "version": "0.12.2",
      "resolved": "https://registry.npmjs.org/@devserver/plugin-js/-/plugin-js-0.12.2.tgz",
      "integrity": "sha512-ALCl3C8KywIbnVAkDgV2Oq8B3ERjeyWFAKxSIpF9YffiO1Phhj7o0fFJ/7UcBWqvSMDDOonHsmpVWBf+RX3XHQ==",
      "dev": true,
      "requires": {
        "@devserver/resolve": "0.12.2",
        "@devserver/transform-js": "0.12.2"
      }
    },
    "@devserver/replace-import": {
      "version": "0.12.2",
      "resolved": "https://registry.npmjs.org/@devserver/replace-import/-/replace-import-0.12.2.tgz",
      "integrity": "sha512-s1CNb6yDZ7qmc+Pe09FuQ3Xb9brPcLwSPfGJcGAAnVtPOoqZhndVhlVGLFzNJAPK/uuc4+EvKnnovzEmzBCwrQ==",
      "dev": true
    },
    "@devserver/resolve": {
      "version": "0.12.2",
      "resolved": "https://registry.npmjs.org/@devserver/resolve/-/resolve-0.12.2.tgz",
      "integrity": "sha512-hbzoo4cf4sYslNHBq66NGhxwwD6+2RKqY/EFq01sTfAtiAHCnaPKh5hwAWmeFghcsTZuIzuivYHv3W2wK/MAlQ==",
      "dev": true,
      "requires": {
        "@devserver/package-exports": "0.12.2"
      }
    },
    "@devserver/transform-js": {
      "version": "0.12.2",
      "resolved": "https://registry.npmjs.org/@devserver/transform-js/-/transform-js-0.12.2.tgz",
      "integrity": "sha512-J7TzM6f3efd9pMKDgovU5v6RifjaGILsYOYLJ/s6yPkeM0ZaSBESOpZnyOMVirEjPW/GZtEQ2Dum4MWdBQVdNQ==",
      "dev": true,
      "requires": {
        "@devserver/replace-import": "0.12.2"
      }
    },
    "atomico": {
      "version": "1.12.2",
      "resolved": "https://registry.npmjs.org/atomico/-/atomico-1.12.2.tgz",
      "integrity": "sha512-h+uyHQTGGmTgigSfLAlaY0+gVTOVn02Al9hMT4a2/RP+9ERRZp7SpoWSeUDAbLF1UU9s/ml2OqZZ4dcusGTSng=="
    }
  }
}
